// !$*UTF8*$!
{
	archiveVersion = 1;
	classes = {
	};
	objectVersion = 50;
	objects = {

/* Begin PBXBuildFile section */
		43E04B71213247BA00C02171 /* AppDelegate.swift in Sources */ = {isa = PBXBuildFile; fileRef = 43E04B70213247BA00C02171 /* AppDelegate.swift */; };
		43E04B73213247BA00C02171 /* ViewController.swift in Sources */ = {isa = PBXBuildFile; fileRef = 43E04B72213247BA00C02171 /* ViewController.swift */; };
		43E04B76213247BA00C02171 /* Main.storyboard in Resources */ = {isa = PBXBuildFile; fileRef = 43E04B74213247BA00C02171 /* Main.storyboard */; };
		43E04B78213247BA00C02171 /* Assets.xcassets in Resources */ = {isa = PBXBuildFile; fileRef = 43E04B77213247BA00C02171 /* Assets.xcassets */; };
		43E04B7B213247BA00C02171 /* LaunchScreen.storyboard in Resources */ = {isa = PBXBuildFile; fileRef = 43E04B79213247BA00C02171 /* LaunchScreen.storyboard */; };
		43E04B86213247BA00C02171 /* MyAppIOsTests.swift in Sources */ = {isa = PBXBuildFile; fileRef = 43E04B85213247BA00C02171 /* MyAppIOsTests.swift */; };
		43E04B91213247BA00C02171 /* MyAppIOsUITests.swift in Sources */ = {isa = PBXBuildFile; fileRef = 43E04B90213247BA00C02171 /* MyAppIOsUITests.swift */; };
/* End PBXBuildFile section */

/* Begin PBXContainerItemProxy section */
		43E04B82213247BA00C02171 /* PBXContainerItemProxy */ = {
			isa = PBXContainerItemProxy;
			containerPortal = 43E04B65213247BA00C02171 /* Project object */;
			proxyType = 1;
			remoteGlobalIDString = 43E04B6C213247BA00C02171;
			remoteInfo = MyAppIOs;
		};
		43E04B8D213247BA00C02171 /* PBXContainerItemProxy */ = {
			isa = PBXContainerItemProxy;
			containerPortal = 43E04B65213247BA00C02171 /* Project object */;
			proxyType = 1;
			remoteGlobalIDString = 43E04B6C213247BA00C02171;
			remoteInfo = MyAppIOs;
		};
/* End PBXContainerItemProxy section */

/* Begin PBXFileReference section */
		43E04B6D213247BA00C02171 /* MyAppIOs.app */ = {isa = PBXFileReference; explicitFileType = wrapper.application; includeInIndex = 0; path = MyAppIOs.app; sourceTree = BUILT_PRODUCTS_DIR; };
		43E04B70213247BA00C02171 /* AppDelegate.swift */ = {isa = PBXFileReference; lastKnownFileType = sourcecode.swift; path = AppDelegate.swift; sourceTree = "<group>"; };
		43E04B72213247BA00C02171 /* ViewController.swift */ = {isa = PBXFileReference; lastKnownFileType = sourcecode.swift; path = ViewController.swift; sourceTree = "<group>"; };
		43E04B75213247BA00C02171 /* Base */ = {isa = PBXFileReference; lastKnownFileType = file.storyboard; name = Base; path = Base.lproj/Main.storyboard; sourceTree = "<group>"; };
		43E04B77213247BA00C02171 /* Assets.xcassets */ = {isa = PBXFileReference; lastKnownFileType = folder.assetcatalog; path = Assets.xcassets; sourceTree = "<group>"; };
		43E04B7A213247BA00C02171 /* Base */ = {isa = PBXFileReference; lastKnownFileType = file.storyboard; name = Base; path = Base.lproj/LaunchScreen.storyboard; sourceTree = "<group>"; };
		43E04B7C213247BA00C02171 /* Info.plist */ = {isa = PBXFileReference; lastKnownFileType = text.plist.xml; path = Info.plist; sourceTree = "<group>"; };
		43E04B81213247BA00C02171 /* MyAppIOsTests.xctest */ = {isa = PBXFileReference; explicitFileType = wrapper.cfbundle; includeInIndex = 0; path = MyAppIOsTests.xctest; sourceTree = BUILT_PRODUCTS_DIR; };
		43E04B85213247BA00C02171 /* MyAppIOsTests.swift */ = {isa = PBXFileReference; lastKnownFileType = sourcecode.swift; path = MyAppIOsTests.swift; sourceTree = "<group>"; };
		43E04B87213247BA00C02171 /* Info.plist */ = {isa = PBXFileReference; lastKnownFileType = text.plist.xml; path = Info.plist; sourceTree = "<group>"; };
		43E04B8C213247BA00C02171 /* MyAppIOsUITests.xctest */ = {isa = PBXFileReference; explicitFileType = wrapper.cfbundle; includeInIndex = 0; path = MyAppIOsUITests.xctest; sourceTree = BUILT_PRODUCTS_DIR; };
		43E04B90213247BA00C02171 /* MyAppIOsUITests.swift */ = {isa = PBXFileReference; lastKnownFileType = sourcecode.swift; path = MyAppIOsUITests.swift; sourceTree = "<group>"; };
		43E04B92213247BB00C02171 /* Info.plist */ = {isa = PBXFileReference; lastKnownFileType = text.plist.xml; path = Info.plist; sourceTree = "<group>"; };
/* End PBXFileReference section */

/* Begin PBXFrameworksBuildPhase section */
		43E04B6A213247BA00C02171 /* Frameworks */ = {
			isa = PBXFrameworksBuildPhase;
			buildActionMask = 2147483647;
			files = (
			);
			runOnlyForDeploymentPostprocessing = 0;
		};
		43E04B7E213247BA00C02171 /* Frameworks */ = {
			isa = PBXFrameworksBuildPhase;
			buildActionMask = 2147483647;
			files = (
			);
			runOnlyForDeploymentPostprocessing = 0;
		};
		43E04B89213247BA00C02171 /* Frameworks */ = {
			isa = PBXFrameworksBuildPhase;
			buildActionMask = 2147483647;
			files = (
			);
			runOnlyForDeploymentPostprocessing = 0;
		};
/* End PBXFrameworksBuildPhase section */

/* Begin PBXGroup section */
		43E04B64213247BA00C02171 = {
			isa = PBXGroup;
			children = (
				43E04B6F213247BA00C02171 /* MyAppIOs */,
				43E04B84213247BA00C02171 /* MyAppIOsTests */,
				43E04B8F213247BA00C02171 /* MyAppIOsUITests */,
				43E04B6E213247BA00C02171 /* Products */,
			);
			sourceTree = "<group>";
		};
		43E04B6E213247BA00C02171 /* Products */ = {
			isa = PBXGroup;
			children = (
				43E04B6D213247BA00C02171 /* MyAppIOs.app */,
				43E04B81213247BA00C02171 /* MyAppIOsTests.xctest */,
				43E04B8C213247BA00C02171 /* MyAppIOsUITests.xctest */,
			);
			name = Products;
			sourceTree = "<group>";
		};
		43E04B6F213247BA00C02171 /* MyAppIOs */ = {
			isa = PBXGroup;
			children = (
				43E04B70213247BA00C02171 /* AppDelegate.swift */,
				43E04B72213247BA00C02171 /* ViewController.swift */,
				43E04B74213247BA00C02171 /* Main.storyboard */,
				43E04B77213247BA00C02171 /* Assets.xcassets */,
				43E04B79213247BA00C02171 /* LaunchScreen.storyboard */,
				43E04B7C213247BA00C02171 /* Info.plist */,
			);
			path = MyAppIOs;
			sourceTree = "<group>";
		};
		43E04B84213247BA00C02171 /* MyAppIOsTests */ = {
			isa = PBXGroup;
			children = (
				43E04B85213247BA00C02171 /* MyAppIOsTests.swift */,
				43E04B87213247BA00C02171 /* Info.plist */,
			);
			path = MyAppIOsTests;
			sourceTree = "<group>";
		};
		43E04B8F213247BA00C02171 /* MyAppIOsUITests */ = {
			isa = PBXGroup;
			children = (
				43E04B90213247BA00C02171 /* MyAppIOsUITests.swift */,
				43E04B92213247BB00C02171 /* Info.plist */,
			);
			path = MyAppIOsUITests;
			sourceTree = "<group>";
		};
/* End PBXGroup section */

/* Begin PBXNativeTarget section */
		43E04B6C213247BA00C02171 /* MyAppIOs */ = {
			isa = PBXNativeTarget;
			buildConfigurationList = 43E04B95213247BB00C02171 /* Build configuration list for PBXNativeTarget "MyAppIOs" */;
			buildPhases = (
				43E04B69213247BA00C02171 /* Sources */,
				43E04B6A213247BA00C02171 /* Frameworks */,
				43E04B6B213247BA00C02171 /* Resources */,
			);
			buildRules = (
			);
			dependencies = (
			);
			name = MyAppIOs;
			productName = MyAppIOs;
			productReference = 43E04B6D213247BA00C02171 /* MyAppIOs.app */;
			productType = "com.apple.product-type.application";
		};
		43E04B80213247BA00C02171 /* MyAppIOsTests */ = {
			isa = PBXNativeTarget;
			buildConfigurationList = 43E04B98213247BB00C02171 /* Build configuration list for PBXNativeTarget "MyAppIOsTests" */;
			buildPhases = (
				43E04B7D213247BA00C02171 /* Sources */,
				43E04B7E213247BA00C02171 /* Frameworks */,
				43E04B7F213247BA00C02171 /* Resources */,
			);
			buildRules = (
			);
			dependencies = (
				43E04B83213247BA00C02171 /* PBXTargetDependency */,
			);
			name = MyAppIOsTests;
			productName = MyAppIOsTests;
			productReference = 43E04B81213247BA00C02171 /* MyAppIOsTests.xctest */;
			productType = "com.apple.product-type.bundle.unit-test";
		};
		43E04B8B213247BA00C02171 /* MyAppIOsUITests */ = {
			isa = PBXNativeTarget;
			buildConfigurationList = 43E04B9B213247BB00C02171 /* Build configuration list for PBXNativeTarget "MyAppIOsUITests" */;
			buildPhases = (
				43E04B88213247BA00C02171 /* Sources */,
				43E04B89213247BA00C02171 /* Frameworks */,
				43E04B8A213247BA00C02171 /* Resources */,
			);
			buildRules = (
			);
			dependencies = (
				43E04B8E213247BA00C02171 /* PBXTargetDependency */,
			);
			name = MyAppIOsUITests;
			productName = MyAppIOsUITests;
			productReference = 43E04B8C213247BA00C02171 /* MyAppIOsUITests.xctest */;
			productType = "com.apple.product-type.bundle.ui-testing";
		};
/* End PBXNativeTarget section */

/* Begin PBXProject section */
		43E04B65213247BA00C02171 /* Project object */ = {
			isa = PBXProject;
			attributes = {
				LastSwiftUpdateCheck = 0940;
				LastUpgradeCheck = 0940;
				ORGANIZATIONNAME = "Nelson Jaimes Gonzales";
				TargetAttributes = {
					43E04B6C213247BA00C02171 = {
						CreatedOnToolsVersion = 9.4.1;
					};
					43E04B80213247BA00C02171 = {
						CreatedOnToolsVersion = 9.4.1;
						TestTargetID = 43E04B6C213247BA00C02171;
					};
					43E04B8B213247BA00C02171 = {
						CreatedOnToolsVersion = 9.4.1;
						TestTargetID = 43E04B6C213247BA00C02171;
					};
				};
			};
			buildConfigurationList = 43E04B68213247BA00C02171 /* Build configuration list for PBXProject "MyAppIOs" */;
			compatibilityVersion = "Xcode 9.3";
			developmentRegion = en;
			hasScannedForEncodings = 0;
			knownRegions = (
				en,
				Base,
			);
			mainGroup = 43E04B64213247BA00C02171;
			productRefGroup = 43E04B6E213247BA00C02171 /* Products */;
			projectDirPath = "";
			projectRoot = "";
			targets = (
				43E04B6C213247BA00C02171 /* MyAppIOs */,
				43E04B80213247BA00C02171 /* MyAppIOsTests */,
				43E04B8B213247BA00C02171 /* MyAppIOsUITests */,
			);
		};
/* End PBXProject section */

/* Begin PBXResourcesBuildPhase section */
		43E04B6B213247BA00C02171 /* Resources */ = {
			isa = PBXResourcesBuildPhase;
			buildActionMask = 2147483647;
			files = (
				43E04B7B213247BA00C02171 /* LaunchScreen.storyboard in Resources */,
				43E04B78213247BA00C02171 /* Assets.xcassets in Resources */,
				43E04B76213247BA00C02171 /* Main.storyboard in Resources */,
			);
			runOnlyForDeploymentPostprocessing = 0;
		};
		43E04B7F213247BA00C02171 /* Resources */ = {
			isa = PBXResourcesBuildPhase;
			buildActionMask = 2147483647;
			files = (
			);
			runOnlyForDeploymentPostprocessing = 0;
		};
		43E04B8A213247BA00C02171 /* Resources */ = {
			isa = PBXResourcesBuildPhase;
			buildActionMask = 2147483647;
			files = (
			);
			runOnlyForDeploymentPostprocessing = 0;
		};
/* End PBXResourcesBuildPhase section */

/* Begin PBXSourcesBuildPhase section */
		43E04B69213247BA00C02171 /* Sources */ = {
			isa = PBXSourcesBuildPhase;
			buildActionMask = 2147483647;
			files = (
				43E04B73213247BA00C02171 /* ViewController.swift in Sources */,
				43E04B71213247BA00C02171 /* AppDelegate.swift in Sources */,
			);
			runOnlyForDeploymentPostprocessing = 0;
		};
		43E04B7D213247BA00C02171 /* Sources */ = {
			isa = PBXSourcesBuildPhase;
			buildActionMask = 2147483647;
			files = (
				43E04B86213247BA00C02171 /* MyAppIOsTests.swift in Sources */,
			);
			runOnlyForDeploymentPostprocessing = 0;
		};
		43E04B88213247BA00C02171 /* Sources */ = {
			isa = PBXSourcesBuildPhase;
			buildActionMask = 2147483647;
			files = (
				43E04B91213247BA00C02171 /* MyAppIOsUITests.swift in Sources */,
			);
			runOnlyForDeploymentPostprocessing = 0;
		};
/* End PBXSourcesBuildPhase section */

/* Begin PBXTargetDependency section */
		43E04B83213247BA00C02171 /* PBXTargetDependency */ = {
			isa = PBXTargetDependency;
			target = 43E04B6C213247BA00C02171 /* MyAppIOs */;
			targetProxy = 43E04B82213247BA00C02171 /* PBXContainerItemProxy */;
		};
		43E04B8E213247BA00C02171 /* PBXTargetDependency */ = {
			isa = PBXTargetDependency;
			target = 43E04B6C213247BA00C02171 /* MyAppIOs */;
			targetProxy = 43E04B8D213247BA00C02171 /* PBXContainerItemProxy */;
		};
/* End PBXTargetDependency section */

/* Begin PBXVariantGroup section */
		43E04B74213247BA00C02171 /* Main.storyboard */ = {
			isa = PBXVariantGroup;
			children = (
				43E04B75213247BA00C02171 /* Base */,
			);
			name = Main.storyboard;
			sourceTree = "<group>";
		};
		43E04B79213247BA00C02171 /* LaunchScreen.storyboard */ = {
			isa = PBXVariantGroup;
			children = (
				43E04B7A213247BA00C02171 /* Base */,
			);
			name = LaunchScreen.storyboard;
			sourceTree = "<group>";
		};
/* End PBXVariantGroup section */

/* Begin XCBuildConfiguration section */
		43E04B93213247BB00C02171 /* Debug */ = {
			isa = XCBuildConfiguration;
			buildSettings = {
				ALWAYS_SEARCH_USER_PATHS = NO;
				CLANG_ANALYZER_NONNULL = YES;
				CLANG_ANALYZER_NUMBER_OBJECT_CONVERSION = YES_AGGRESSIVE;
				CLANG_CXX_LANGUAGE_STANDARD = "gnu++14";
				CLANG_CXX_LIBRARY = "libc++";
				CLANG_ENABLE_MODULES = YES;
				CLANG_ENABLE_OBJC_ARC = YES;
				CLANG_ENABLE_OBJC_WEAK = YES;
				CLANG_WARN_BLOCK_CAPTURE_AUTORELEASING = YES;
				CLANG_WARN_BOOL_CONVERSION = YES;
				CLANG_WARN_COMMA = YES;
				CLANG_WARN_CONSTANT_CONVERSION = YES;
				CLANG_WARN_DEPRECATED_OBJC_IMPLEMENTATIONS = YES;
				CLANG_WARN_DIRECT_OBJC_ISA_USAGE = YES_ERROR;
				CLANG_WARN_DOCUMENTATION_COMMENTS = YES;
				CLANG_WARN_EMPTY_BODY = YES;
				CLANG_WARN_ENUM_CONVERSION = YES;
				CLANG_WARN_INFINITE_RECURSION = YES;
				CLANG_WARN_INT_CONVERSION = YES;
				CLANG_WARN_NON_LITERAL_NULL_CONVERSION = YES;
				CLANG_WARN_OBJC_IMPLICIT_RETAIN_SELF = YES;
				CLANG_WARN_OBJC_LITERAL_CONVERSION = YES;
				CLANG_WARN_OBJC_ROOT_CLASS = YES_ERROR;
				CLANG_WARN_RANGE_LOOP_ANALYSIS = YES;
				CLANG_WARN_STRICT_PROTOTYPES = YES;
				CLANG_WARN_SUSPICIOUS_MOVE = YES;
				CLANG_WARN_UNGUARDED_AVAILABILITY = YES_AGGRESSIVE;
				CLANG_WARN_UNREACHABLE_CODE = YES;
				CLANG_WARN__DUPLICATE_METHOD_MATCH = YES;
				CODE_SIGN_IDENTITY = "iPhone Developer";
				COPY_PHASE_STRIP = NO;
				DEBUG_INFORMATION_FORMAT = dwarf;
				ENABLE_STRICT_OBJC_MSGSEND = YES;
				ENABLE_TESTABILITY = YES;
				GCC_C_LANGUAGE_STANDARD = gnu11;
				GCC_DYNAMIC_NO_PIC = NO;
				GCC_NO_COMMON_BLOCKS = YES;
				GCC_OPTIMIZATION_LEVEL = 0;
				GCC_PREPROCESSOR_DEFINITIONS = (
					"DEBUG=1",
					"$(inherited)",
				);
				GCC_WARN_64_TO_32_BIT_CONVERSION = YES;
				GCC_WARN_ABOUT_RETURN_TYPE = YES_ERROR;
				GCC_WARN_UNDECLARED_SELECTOR = YES;
				GCC_WARN_UNINITIALIZED_AUTOS = YES_AGGRESSIVE;
				GCC_WARN_UNUSED_FUNCTION = YES;
				GCC_WARN_UNUSED_VARIABLE = YES;
				IPHONEOS_DEPLOYMENT_TARGET = 11.4;
				MTL_ENABLE_DEBUG_INFO = YES;
				ONLY_ACTIVE_ARCH = YES;
				SDKROOT = iphoneos;
				SWIFT_ACTIVE_COMPILATION_CONDITIONS = DEBUG;
				SWIFT_OPTIMIZATION_LEVEL = "-Onone";
			};
			name = Debug;
		};
		43E04B94213247BB00C02171 /* Release */ = {
			isa = XCBuildConfiguration;
			buildSettings = {
				ALWAYS_SEARCH_USER_PATHS = NO;
				CLANG_ANALYZER_NONNULL = YES;
				CLANG_ANALYZER_NUMBER_OBJECT_CONVERSION = YES_AGGRESSIVE;
				CLANG_CXX_LANGUAGE_STANDARD = "gnu++14";
				CLANG_CXX_LIBRARY = "libc++";
				CLANG_ENABLE_MODULES = YES;
				CLANG_ENABLE_OBJC_ARC = YES;
				CLANG_ENABLE_OBJC_WEAK = YES;
				CLANG_WARN_BLOCK_CAPTURE_AUTORELEASING = YES;
				CLANG_WARN_BOOL_CONVERSION = YES;
				CLANG_WARN_COMMA = YES;
				CLANG_WARN_CONSTANT_CONVERSION = YES;
				CLANG_WARN_DEPRECATED_OBJC_IMPLEMENTATIONS = YES;
				CLANG_WARN_DIRECT_OBJC_ISA_USAGE = YES_ERROR;
				CLANG_WARN_DOCUMENTATION_COMMENTS = YES;
				CLANG_WARN_EMPTY_BODY = YES;
				CLANG_WARN_ENUM_CONVERSION = YES;
				CLANG_WARN_INFINITE_RECURSION = YES;
				CLANG_WARN_INT_CONVERSION = YES;
				CLANG_WARN_NON_LITERAL_NULL_CONVERSION = YES;
				CLANG_WARN_OBJC_IMPLICIT_RETAIN_SELF = YES;
				CLANG_WARN_OBJC_LITERAL_CONVERSION = YES;
				CLANG_WARN_OBJC_ROOT_CLASS = YES_ERROR;
				CLANG_WARN_RANGE_LOOP_ANALYSIS = YES;
				CLANG_WARN_STRICT_PROTOTYPES = YES;
				CLANG_WARN_SUSPICIOUS_MOVE = YES;
				CLANG_WARN_UNGUARDED_AVAILABILITY = YES_AGGRESSIVE;
				CLANG_WARN_UNREACHABLE_CODE = YES;
				CLANG_WARN__DUPLICATE_METHOD_MATCH = YES;
				CODE_SIGN_IDENTITY = "iPhone Developer";
				COPY_PHASE_STRIP = NO;
				DEBUG_INFORMATION_FORMAT = "dwarf-with-dsym";
				ENABLE_NS_ASSERTIONS = NO;
				ENABLE_STRICT_OBJC_MSGSEND = YES;
				GCC_C_LANGUAGE_STANDARD = gnu11;
				GCC_NO_COMMON_BLOCKS = YES;
				GCC_WARN_64_TO_32_BIT_CONVERSION = YES;
				GCC_WARN_ABOUT_RETURN_TYPE = YES_ERROR;
				GCC_WARN_UNDECLARED_SELECTOR = YES;
				GCC_WARN_UNINITIALIZED_AUTOS = YES_AGGRESSIVE;
				GCC_WARN_UNUSED_FUNCTION = YES;
				GCC_WARN_UNUSED_VARIABLE = YES;
				IPHONEOS_DEPLOYMENT_TARGET = 11.4;
				MTL_ENABLE_DEBUG_INFO = NO;
				SDKROOT = iphoneos;
				SWIFT_COMPILATION_MODE = wholemodule;
				SWIFT_OPTIMIZATION_LEVEL = "-O";
				VALIDATE_PRODUCT = YES;
			};
			name = Release;
		};
		43E04B96213247BB00C02171 /* Debug */ = {
			isa = XCBuildConfiguration;
			buildSettings = {
				ASSETCATALOG_COMPILER_APPICON_NAME = AppIcon;
				CODE_SIGN_STYLE = Automatic;
				INFOPLIST_FILE = MyAppIOs/Info.plist;
				LD_RUNPATH_SEARCH_PATHS = (
					"$(inherited)",
					"@executable_path/Frameworks",
				);
				PRODUCT_BUNDLE_IDENTIFIER = com.nelson.jaimes.MyAppIOs;
				PRODUCT_NAME = "$(TARGET_NAME)";
				SWIFT_VERSION = 4.0;
				TARGETED_DEVICE_FAMILY = "1,2";
			};
			name = Debug;
		};
		43E04B97213247BB00C02171 /* Release */ = {
			isa = XCBuildConfiguration;
			buildSettings = {
				ASSETCATALOG_COMPILER_APPICON_NAME = AppIcon;
				CODE_SIGN_STYLE = Automatic;
				INFOPLIST_FILE = MyAppIOs/Info.plist;
				LD_RUNPATH_SEARCH_PATHS = (
					"$(inherited)",
					"@executable_path/Frameworks",
				);
				PRODUCT_BUNDLE_IDENTIFIER = com.nelson.jaimes.MyAppIOs;
				PRODUCT_NAME = "$(TARGET_NAME)";
				SWIFT_VERSION = 4.0;
				TARGETED_DEVICE_FAMILY = "1,2";
			};
			name = Release;
		};
		43E04B99213247BB00C02171 /* Debug */ = {
			isa = XCBuildConfiguration;
			buildSettings = {
				ALWAYS_EMBED_SWIFT_STANDARD_LIBRARIES = YES;
				BUNDLE_LOADER = "$(TEST_HOST)";
				CODE_SIGN_STYLE = Automatic;
				INFOPLIST_FILE = MyAppIOsTests/Info.plist;
				LD_RUNPATH_SEARCH_PATHS = (
					"$(inherited)",
					"@executable_path/Frameworks",
					"@loader_path/Frameworks",
				);
				PRODUCT_BUNDLE_IDENTIFIER = com.nelson.jaimes.MyAppIOsTests;
				PRODUCT_NAME = "$(TARGET_NAME)";
				SWIFT_VERSION = 4.0;
				TARGETED_DEVICE_FAMILY = "1,2";
				TEST_HOST = "$(BUILT_PRODUCTS_DIR)/MyAppIOs.app/MyAppIOs";
			};
			name = Debug;
		};
		43E04B9A213247BB00C02171 /* Release */ = {
			isa = XCBuildConfiguration;
			buildSettings = {
				ALWAYS_EMBED_SWIFT_STANDARD_LIBRARIES = YES;
				BUNDLE_LOADER = "$(TEST_HOST)";
				CODE_SIGN_STYLE = Automatic;
				INFOPLIST_FILE = MyAppIOsTests/Info.plist;
				LD_RUNPATH_SEARCH_PATHS = (
					"$(inherited)",
					"@executable_path/Frameworks",
					"@loader_path/Frameworks",
				);
				PRODUCT_BUNDLE_IDENTIFIER = com.nelson.jaimes.MyAppIOsTests;
				PRODUCT_NAME = "$(TARGET_NAME)";
				SWIFT_VERSION = 4.0;
				TARGETED_DEVICE_FAMILY = "1,2";
				TEST_HOST = "$(BUILT_PRODUCTS_DIR)/MyAppIOs.app/MyAppIOs";
			};
			name = Release;
		};
		43E04B9C213247BB00C02171 /* Debug */ = {
			isa = XCBuildConfiguration;
			buildSettings = {
				ALWAYS_EMBED_SWIFT_STANDARD_LIBRARIES = YES;
				CODE_SIGN_STYLE = Automatic;
				INFOPLIST_FILE = MyAppIOsUITests/Info.plist;
				LD_RUNPATH_SEARCH_PATHS = (
					"$(inherited)",
					"@executable_path/Frameworks",
					"@loader_path/Frameworks",
				);
				PRODUCT_BUNDLE_IDENTIFIER = com.nelson.jaimes.MyAppIOsUITests;
				PRODUCT_NAME = "$(TARGET_NAME)";
				SWIFT_VERSION = 4.0;
				TARGETED_DEVICE_FAMILY = "1,2";
				TEST_TARGET_NAME = MyAppIOs;
			};
			name = Debug;
		};
		43E04B9D213247BB00C02171 /* Release */ = {
			isa = XCBuildConfiguration;
			buildSettings = {
				ALWAYS_EMBED_SWIFT_STANDARD_LIBRARIES = YES;
				CODE_SIGN_STYLE = Automatic;
				INFOPLIST_FILE = MyAppIOsUITests/Info.plist;
				LD_RUNPATH_SEARCH_PATHS = (
					"$(inherited)",
					"@executable_path/Frameworks",
					"@loader_path/Frameworks",
				);
				PRODUCT_BUNDLE_IDENTIFIER = com.nelson.jaimes.MyAppIOsUITests;
				PRODUCT_NAME = "$(TARGET_NAME)";
				SWIFT_VERSION = 4.0;
				TARGETED_DEVICE_FAMILY = "1,2";
				TEST_TARGET_NAME = MyAppIOs;
			};
			name = Release;
		};
/* End XCBuildConfiguration section */

/* Begin XCConfigurationList section */
		43E04B68213247BA00C02171 /* Build configuration list for PBXProject "MyAppIOs" */ = {
			isa = XCConfigurationList;
			buildConfigurations = (
				43E04B93213247BB00C02171 /* Debug */,
				43E04B94213247BB00C02171 /* Release */,
			);
			defaultConfigurationIsVisible = 0;
			defaultConfigurationName = Release;
		};
		43E04B95213247BB00C02171 /* Build configuration list for PBXNativeTarget "MyAppIOs" */ = {
			isa = XCConfigurationList;
			buildConfigurations = (
				43E04B96213247BB00C02171 /* Debug */,
				43E04B97213247BB00C02171 /* Release */,
			);
			defaultConfigurationIsVisible = 0;
			defaultConfigurationName = Release;
		};
		43E04B98213247BB00C02171 /* Build configuration list for PBXNativeTarget "MyAppIOsTests" */ = {
			isa = XCConfigurationList;
			buildConfigurations = (
				43E04B99213247BB00C02171 /* Debug */,
				43E04B9A213247BB00C02171 /* Release */,
			);
			defaultConfigurationIsVisible = 0;
			defaultConfigurationName = Release;
		};
		43E04B9B213247BB00C02171 /* Build configuration list for PBXNativeTarget "MyAppIOsUITests" */ = {
			isa = XCConfigurationList;
			buildConfigurations = (
				43E04B9C213247BB00C02171 /* Debug */,
				43E04B9D213247BB00C02171 /* Release */,
			);
			defaultConfigurationIsVisible = 0;
			defaultConfigurationName = Release;
		};
/* End XCConfigurationList section */
	};
	rootObject = 43E04B65213247BA00C02171 /* Project object */;
}
